
Microsoft Visual Studio Solution File, Format Version 12.00
# Visual Studio Version 17
VisualStudioVersion = 17.14.36811.4 d17.14
MinimumVisualStudioVersion = 10.0.40219.1
Project("{FAE04EC0-301F-11D3-BF4B-00C04F79EFBC}") = "ValidationsPrj", "ValidationsPrj.csproj", "{32BA0377-2AD8-4E63-BA95-8E7E33342BA7}"
EndProject
Global
	GlobalSection(SolutionConfigurationPlatforms) = preSolution
		Debug|Any CPU = Debug|Any CPU
		Release|Any CPU = Release|Any CPU
	EndGlobalSection
	GlobalSection(ProjectConfigurationPlatforms) = postSolution
		{32BA0377-2AD8-4E63-BA95-8E7E33342BA7}.Debug|Any CPU.ActiveCfg = Debug|Any CPU
		{32BA0377-2AD8-4E63-BA95-8E7E33342BA7}.Debug|Any CPU.Build.0 = Debug|Any CPU
		{32BA0377-2AD8-4E63-BA95-8E7E33342BA7}.Release|Any CPU.ActiveCfg = Release|Any CPU
		{32BA0377-2AD8-4E63-BA95-8E7E33342BA7}.Release|Any CPU.Build.0 = Release|Any CPU
	EndGlobalSection
	GlobalSection(SolutionProperties) = preSolution
		HideSolutionNode = FALSE
	EndGlobalSection
	GlobalSection(ExtensibilityGlobals) = postSolution
		SolutionGuid = {946B82CC-C440-4AF0-9988-4A1F345F3659}
	EndGlobalSection
EndGlobal
