
Microsoft Visual Studio Solution File, Format Version 12.00
# Visual Studio Version 17
VisualStudioVersion = 17.14.36811.4 d17.14
MinimumVisualStudioVersion = 10.0.40219.1
Project("{FAE04EC0-301F-11D3-BF4B-00C04F79EFBC}") = "AspNetValidationAssignment", "AspNetValidationAssignment.csproj", "{1B925FF0-BEBE-4AE2-951E-13BFE236B72E}"
EndProject
Global
	GlobalSection(SolutionConfigurationPlatforms) = preSolution
		Debug|Any CPU = Debug|Any CPU
		Release|Any CPU = Release|Any CPU
	EndGlobalSection
	GlobalSection(ProjectConfigurationPlatforms) = postSolution
		{1B925FF0-BEBE-4AE2-951E-13BFE236B72E}.Debug|Any CPU.ActiveCfg = Debug|Any CPU
		{1B925FF0-BEBE-4AE2-951E-13BFE236B72E}.Debug|Any CPU.Build.0 = Debug|Any CPU
		{1B925FF0-BEBE-4AE2-951E-13BFE236B72E}.Release|Any CPU.ActiveCfg = Release|Any CPU
		{1B925FF0-BEBE-4AE2-951E-13BFE236B72E}.Release|Any CPU.Build.0 = Release|Any CPU
	EndGlobalSection
	GlobalSection(SolutionProperties) = preSolution
		HideSolutionNode = FALSE
	EndGlobalSection
	GlobalSection(ExtensibilityGlobals) = postSolution
		SolutionGuid = {2AB5E61B-8CFB-4EE2-81DB-DC23E35838CB}
	EndGlobalSection
EndGlobal
