
Microsoft Visual Studio Solution File, Format Version 12.00
# Visual Studio Version 17
VisualStudioVersion = 17.14.36811.4 d17.14
MinimumVisualStudioVersion = 10.0.40219.1
Project("{FAE04EC0-301F-11D3-BF4B-00C04F79EFBC}") = "WebService_Prj1", "WebService_Prj1.csproj", "{61689209-0F52-4CE5-B952-EED786AE0833}"
EndProject
Project("{FAE04EC0-301F-11D3-BF4B-00C04F79EFBC}") = "Webservice_Client", "..\Webservice_Client\Webservice_Client.csproj", "{A550ADA1-99C6-476D-AB09-3C58996F220E}"
	ProjectSection(ProjectDependencies) = postProject
		{61689209-0F52-4CE5-B952-EED786AE0833} = {61689209-0F52-4CE5-B952-EED786AE0833}
	EndProjectSection
EndProject
Global
	GlobalSection(SolutionConfigurationPlatforms) = preSolution
		Debug|Any CPU = Debug|Any CPU
		Release|Any CPU = Release|Any CPU
	EndGlobalSection
	GlobalSection(ProjectConfigurationPlatforms) = postSolution
		{61689209-0F52-4CE5-B952-EED786AE0833}.Debug|Any CPU.ActiveCfg = Debug|Any CPU
		{61689209-0F52-4CE5-B952-EED786AE0833}.Debug|Any CPU.Build.0 = Debug|Any CPU
		{61689209-0F52-4CE5-B952-EED786AE0833}.Release|Any CPU.ActiveCfg = Release|Any CPU
		{61689209-0F52-4CE5-B952-EED786AE0833}.Release|Any CPU.Build.0 = Release|Any CPU
		{A550ADA1-99C6-476D-AB09-3C58996F220E}.Debug|Any CPU.ActiveCfg = Debug|Any CPU
		{A550ADA1-99C6-476D-AB09-3C58996F220E}.Debug|Any CPU.Build.0 = Debug|Any CPU
		{A550ADA1-99C6-476D-AB09-3C58996F220E}.Release|Any CPU.ActiveCfg = Release|Any CPU
		{A550ADA1-99C6-476D-AB09-3C58996F220E}.Release|Any CPU.Build.0 = Release|Any CPU
	EndGlobalSection
	GlobalSection(SolutionProperties) = preSolution
		HideSolutionNode = FALSE
	EndGlobalSection
	GlobalSection(ExtensibilityGlobals) = postSolution
		SolutionGuid = {A5614515-4B8C-419C-BF86-95258EF10DE8}
	EndGlobalSection
EndGlobal
